// !$*UTF8*$!
{
	archiveVersion = 1;
	classes = {
	};
	objectVersion = 77;
	objects = {

/* Begin PBXBuildFile section */
		7943BA852E3E034D00489099 /* ComposableArchitecture in Frameworks */ = {isa = PBXBuildFile; productRef = 7943BA842E3E034D00489099 /* ComposableArchitecture */; };
		7943BA8E2E3E092700489099 /* SwiftUI.framework in Frameworks */ = {isa = PBXBuildFile; fileRef = 7943BA802E3DFE3200489099 /* SwiftUI.framework */; };
		79CFC9BB2E3E1C9800DAE71E /* SnapshotTesting in Frameworks */ = {isa = PBXBuildFile; productRef = 79CFC9BA2E3E1C9800DAE71E /* SnapshotTesting */; };
		79CFC9BD2E3E1E6500DAE71E /* InlineSnapshotTesting in Frameworks */ = {isa = PBXBuildFile; productRef = 79CFC9BC2E3E1E6500DAE71E /* InlineSnapshotTesting */; };
		79CFC9BF2E3E1E6500DAE71E /* SnapshotTestingCustomDump in Frameworks */ = {isa = PBXBuildFile; productRef = 79CFC9BE2E3E1E6500DAE71E /* SnapshotTestingCustomDump */; };
/* End PBXBuildFile section */

/* Begin PBXContainerItemProxy section */
		7943BA762E3DFB2C00489099 /* PBXContainerItemProxy */ = {
			isa = PBXContainerItemProxy;
			containerPortal = 428316432E3A7F4A00549299 /* Project object */;
			proxyType = 1;
			remoteGlobalIDString = 4283164A2E3A7F4A00549299;
			remoteInfo = SibLearn;
		};
/* End PBXContainerItemProxy section */

/* Begin PBXFileReference section */
		4283164B2E3A7F4A00549299 /* SibLearn.app */ = {isa = PBXFileReference; explicitFileType = wrapper.application; includeInIndex = 0; path = SibLearn.app; sourceTree = BUILT_PRODUCTS_DIR; };
		7943BA622E3DF46D00489099 /* SwiftData.framework */ = {isa = PBXFileReference; lastKnownFileType = wrapper.framework; name = SwiftData.framework; path = Platforms/MacOSX.platform/Developer/SDKs/MacOSX15.5.sdk/System/Library/Frameworks/SwiftData.framework; sourceTree = DEVELOPER_DIR; };
		7943BA652E3DF54800489099 /* SwiftData.framework */ = {isa = PBXFileReference; lastKnownFileType = wrapper.framework; name = SwiftData.framework; path = System/Library/Frameworks/SwiftData.framework; sourceTree = SDKROOT; };
		7943BA672E3DF94900489099 /* Testing.framework */ = {isa = PBXFileReference; lastKnownFileType = wrapper.framework; name = Testing.framework; path = Platforms/iPhoneOS.platform/Developer/Library/Frameworks/Testing.framework; sourceTree = DEVELOPER_DIR; };
		7943BA722E3DFB2C00489099 /* SibLearnTests.xctest */ = {isa = PBXFileReference; explicitFileType = wrapper.cfbundle; includeInIndex = 0; path = SibLearnTests.xctest; sourceTree = BUILT_PRODUCTS_DIR; };
		7943BA802E3DFE3200489099 /* SwiftUI.framework */ = {isa = PBXFileReference; lastKnownFileType = wrapper.framework; name = SwiftUI.framework; path = Platforms/MacOSX.platform/Developer/SDKs/MacOSX15.5.sdk/System/iOSSupport/System/Library/Frameworks/SwiftUI.framework; sourceTree = DEVELOPER_DIR; };
		7943BA8C2E3E05B500489099 /* libswiftObservation.tbd */ = {isa = PBXFileReference; lastKnownFileType = "sourcecode.text-based-dylib-definition"; name = libswiftObservation.tbd; path = Platforms/MacOSX.platform/Developer/SDKs/MacOSX15.5.sdk/usr/lib/swift/libswiftObservation.tbd; sourceTree = DEVELOPER_DIR; };
/* End PBXFileReference section */

/* Begin PBXFileSystemSynchronizedRootGroup section */
		4283164D2E3A7F4A00549299 /* SibLearn */ = {
			isa = PBXFileSystemSynchronizedRootGroup;
			path = SibLearn;
			sourceTree = "<group>";
		};
		7943BA732E3DFB2C00489099 /* SibLearnTests */ = {
			isa = PBXFileSystemSynchronizedRootGroup;
			path = SibLearnTests;
			sourceTree = "<group>";
		};
/* End PBXFileSystemSynchronizedRootGroup section */

/* Begin PBXFrameworksBuildPhase section */
		428316482E3A7F4A00549299 /* Frameworks */ = {
			isa = PBXFrameworksBuildPhase;
			buildActionMask = 2147483647;
			files = (
				7943BA852E3E034D00489099 /* ComposableArchitecture in Frameworks */,
			);
			runOnlyForDeploymentPostprocessing = 0;
		};
		7943BA6F2E3DFB2C00489099 /* Frameworks */ = {
			isa = PBXFrameworksBuildPhase;
			buildActionMask = 2147483647;
			files = (
				79CFC9BF2E3E1E6500DAE71E /* SnapshotTestingCustomDump in Frameworks */,
				7943BA8E2E3E092700489099 /* SwiftUI.framework in Frameworks */,
				79CFC9BD2E3E1E6500DAE71E /* InlineSnapshotTesting in Frameworks */,
				79CFC9BB2E3E1C9800DAE71E /* SnapshotTesting in Frameworks */,
			);
			runOnlyForDeploymentPostprocessing = 0;
		};
/* End PBXFrameworksBuildPhase section */

/* Begin PBXGroup section */
		428316422E3A7F4A00549299 = {
			isa = PBXGroup;
			children = (
				4283164D2E3A7F4A00549299 /* SibLearn */,
				7943BA732E3DFB2C00489099 /* SibLearnTests */,
				790BB4E52E3BAF0B0074FD12 /* Frameworks */,
				4283164C2E3A7F4A00549299 /* Products */,
			);
			sourceTree = "<group>";
		};
		4283164C2E3A7F4A00549299 /* Products */ = {
			isa = PBXGroup;
			children = (
				4283164B2E3A7F4A00549299 /* SibLearn.app */,
				7943BA722E3DFB2C00489099 /* SibLearnTests.xctest */,
			);
			name = Products;
			sourceTree = "<group>";
		};
		790BB4E52E3BAF0B0074FD12 /* Frameworks */ = {
			isa = PBXGroup;
			children = (
				7943BA8C2E3E05B500489099 /* libswiftObservation.tbd */,
				7943BA802E3DFE3200489099 /* SwiftUI.framework */,
				7943BA672E3DF94900489099 /* Testing.framework */,
				7943BA652E3DF54800489099 /* SwiftData.framework */,
				7943BA622E3DF46D00489099 /* SwiftData.framework */,
			);
			name = Frameworks;
			sourceTree = "<group>";
		};
/* End PBXGroup section */

/* Begin PBXNativeTarget section */
		4283164A2E3A7F4A00549299 /* SibLearn */ = {
			isa = PBXNativeTarget;
			buildConfigurationList = 428316712E3A7F4C00549299 /* Build configuration list for PBXNativeTarget "SibLearn" */;
			buildPhases = (
				428316472E3A7F4A00549299 /* Sources */,
				428316482E3A7F4A00549299 /* Frameworks */,
				428316492E3A7F4A00549299 /* Resources */,
			);
			buildRules = (
			);
			dependencies = (
			);
			fileSystemSynchronizedGroups = (
				4283164D2E3A7F4A00549299 /* SibLearn */,
			);
			name = SibLearn;
			packageProductDependencies = (
				7943BA842E3E034D00489099 /* ComposableArchitecture */,
			);
			productName = SibLearn;
			productReference = 4283164B2E3A7F4A00549299 /* SibLearn.app */;
			productType = "com.apple.product-type.application";
		};
		7943BA712E3DFB2C00489099 /* SibLearnTests */ = {
			isa = PBXNativeTarget;
			buildConfigurationList = 7943BA782E3DFB2C00489099 /* Build configuration list for PBXNativeTarget "SibLearnTests" */;
			buildPhases = (
				7943BA6E2E3DFB2C00489099 /* Sources */,
				7943BA6F2E3DFB2C00489099 /* Frameworks */,
				7943BA702E3DFB2C00489099 /* Resources */,
			);
			buildRules = (
			);
			dependencies = (
				7943BA772E3DFB2C00489099 /* PBXTargetDependency */,
			);
			fileSystemSynchronizedGroups = (
				7943BA732E3DFB2C00489099 /* SibLearnTests */,
			);
			name = SibLearnTests;
			packageProductDependencies = (
				79CFC9BA2E3E1C9800DAE71E /* SnapshotTesting */,
				79CFC9BC2E3E1E6500DAE71E /* InlineSnapshotTesting */,
				79CFC9BE2E3E1E6500DAE71E /* SnapshotTestingCustomDump */,
			);
			productName = SibLearnTests;
			productReference = 7943BA722E3DFB2C00489099 /* SibLearnTests.xctest */;
			productType = "com.apple.product-type.bundle.unit-test";
		};
/* End PBXNativeTarget section */

/* Begin PBXProject section */
		428316432E3A7F4A00549299 /* Project object */ = {
			isa = PBXProject;
			attributes = {
				BuildIndependentTargetsInParallel = 1;
				LastSwiftUpdateCheck = 1640;
				LastUpgradeCheck = 1640;
				TargetAttributes = {
					4283164A2E3A7F4A00549299 = {
						CreatedOnToolsVersion = 16.2;
					};
					7943BA712E3DFB2C00489099 = {
						CreatedOnToolsVersion = 16.4;
						TestTargetID = 4283164A2E3A7F4A00549299;
					};
				};
			};
			buildConfigurationList = 428316462E3A7F4A00549299 /* Build configuration list for PBXProject "SibLearn" */;
			developmentRegion = en;
			hasScannedForEncodings = 0;
			knownRegions = (
				en,
				Base,
			);
			mainGroup = 428316422E3A7F4A00549299;
			minimizedProjectReferenceProxies = 1;
			packageReferences = (
				4283167A2E3A825D00549299 /* XCRemoteSwiftPackageReference "swift-composable-architecture" */,
				79CFC9B92E3E1C9800DAE71E /* XCRemoteSwiftPackageReference "swift-snapshot-testing" */,
			);
			preferredProjectObjectVersion = 77;
			productRefGroup = 4283164C2E3A7F4A00549299 /* Products */;
			projectDirPath = "";
			projectRoot = "";
			targets = (
				4283164A2E3A7F4A00549299 /* SibLearn */,
				7943BA712E3DFB2C00489099 /* SibLearnTests */,
			);
		};
/* End PBXProject section */

/* Begin PBXResourcesBuildPhase section */
		428316492E3A7F4A00549299 /* Resources */ = {
			isa = PBXResourcesBuildPhase;
			buildActionMask = 2147483647;
			files = (
			);
			runOnlyForDeploymentPostprocessing = 0;
		};
		7943BA702E3DFB2C00489099 /* Resources */ = {
			isa = PBXResourcesBuildPhase;
			buildActionMask = 2147483647;
			files = (
			);
			runOnlyForDeploymentPostprocessing = 0;
		};
/* End PBXResourcesBuildPhase section */

/* Begin PBXSourcesBuildPhase section */
		428316472E3A7F4A00549299 /* Sources */ = {
			isa = PBXSourcesBuildPhase;
			buildActionMask = 2147483647;
			files = (
			);
			runOnlyForDeploymentPostprocessing = 0;
		};
		7943BA6E2E3DFB2C00489099 /* Sources */ = {
			isa = PBXSourcesBuildPhase;
			buildActionMask = 2147483647;
			files = (
			);
			runOnlyForDeploymentPostprocessing = 0;
		};
/* End PBXSourcesBuildPhase section */

/* Begin PBXTargetDependency section */
		7943BA772E3DFB2C00489099 /* PBXTargetDependency */ = {
			isa = PBXTargetDependency;
			target = 4283164A2E3A7F4A00549299 /* SibLearn */;
			targetProxy = 7943BA762E3DFB2C00489099 /* PBXContainerItemProxy */;
		};
/* End PBXTargetDependency section */

/* Begin XCBuildConfiguration section */
		4283166F2E3A7F4C00549299 /* Debug */ = {
			isa = XCBuildConfiguration;
			buildSettings = {
				ALWAYS_SEARCH_USER_PATHS = NO;
				ASSETCATALOG_COMPILER_GENERATE_SWIFT_ASSET_SYMBOL_EXTENSIONS = YES;
				CLANG_ANALYZER_NONNULL = YES;
				CLANG_ANALYZER_NUMBER_OBJECT_CONVERSION = YES_AGGRESSIVE;
				CLANG_CXX_LANGUAGE_STANDARD = "gnu++20";
				CLANG_ENABLE_MODULES = YES;
				CLANG_ENABLE_OBJC_ARC = YES;
				CLANG_ENABLE_OBJC_WEAK = YES;
				CLANG_WARN_BLOCK_CAPTURE_AUTORELEASING = YES;
				CLANG_WARN_BOOL_CONVERSION = YES;
				CLANG_WARN_COMMA = YES;
				CLANG_WARN_CONSTANT_CONVERSION = YES;
				CLANG_WARN_DEPRECATED_OBJC_IMPLEMENTATIONS = YES;
				CLANG_WARN_DIRECT_OBJC_ISA_USAGE = YES_ERROR;
				CLANG_WARN_DOCUMENTATION_COMMENTS = YES;
				CLANG_WARN_EMPTY_BODY = YES;
				CLANG_WARN_ENUM_CONVERSION = YES;
				CLANG_WARN_INFINITE_RECURSION = YES;
				CLANG_WARN_INT_CONVERSION = YES;
				CLANG_WARN_NON_LITERAL_NULL_CONVERSION = YES;
				CLANG_WARN_OBJC_IMPLICIT_RETAIN_SELF = YES;
				CLANG_WARN_OBJC_LITERAL_CONVERSION = YES;
				CLANG_WARN_OBJC_ROOT_CLASS = YES_ERROR;
				CLANG_WARN_QUOTED_INCLUDE_IN_FRAMEWORK_HEADER = YES;
				CLANG_WARN_RANGE_LOOP_ANALYSIS = YES;
				CLANG_WARN_STRICT_PROTOTYPES = YES;
				CLANG_WARN_SUSPICIOUS_MOVE = YES;
				CLANG_WARN_UNGUARDED_AVAILABILITY = YES_AGGRESSIVE;
				CLANG_WARN_UNREACHABLE_CODE = YES;
				CLANG_WARN__DUPLICATE_METHOD_MATCH = YES;
				COPY_PHASE_STRIP = NO;
				DEBUG_INFORMATION_FORMAT = dwarf;
				DEVELOPMENT_TEAM = TV7JV673X2;
				ENABLE_STRICT_OBJC_MSGSEND = YES;
				ENABLE_TESTABILITY = YES;
				ENABLE_USER_SCRIPT_SANDBOXING = YES;
				GCC_C_LANGUAGE_STANDARD = gnu17;
				GCC_DYNAMIC_NO_PIC = NO;
				GCC_NO_COMMON_BLOCKS = YES;
				GCC_OPTIMIZATION_LEVEL = 0;
				GCC_PREPROCESSOR_DEFINITIONS = (
					"DEBUG=1",
					"$(inherited)",
				);
				GCC_WARN_64_TO_32_BIT_CONVERSION = YES;
				GCC_WARN_ABOUT_RETURN_TYPE = YES_ERROR;
				GCC_WARN_UNDECLARED_SELECTOR = YES;
				GCC_WARN_UNINITIALIZED_AUTOS = YES_AGGRESSIVE;
				GCC_WARN_UNUSED_FUNCTION = YES;
				GCC_WARN_UNUSED_VARIABLE = YES;
				IPHONEOS_DEPLOYMENT_TARGET = 18.2;
				LOCALIZATION_PREFERS_STRING_CATALOGS = YES;
				MTL_ENABLE_DEBUG_INFO = INCLUDE_SOURCE;
				MTL_FAST_MATH = YES;
				ONLY_ACTIVE_ARCH = YES;
				SDKROOT = iphoneos;
				SWIFT_ACTIVE_COMPILATION_CONDITIONS = "DEBUG $(inherited)";
				SWIFT_OPTIMIZATION_LEVEL = "-Onone";
				SWIFT_VERSION = 6.0;
			};
			name = Debug;
		};
		428316702E3A7F4C00549299 /* Release */ = {
			isa = XCBuildConfiguration;
			buildSettings = {
				ALWAYS_SEARCH_USER_PATHS = NO;
				ASSETCATALOG_COMPILER_GENERATE_SWIFT_ASSET_SYMBOL_EXTENSIONS = YES;
				CLANG_ANALYZER_NONNULL = YES;
				CLANG_ANALYZER_NUMBER_OBJECT_CONVERSION = YES_AGGRESSIVE;
				CLANG_CXX_LANGUAGE_STANDARD = "gnu++20";
				CLANG_ENABLE_MODULES = YES;
				CLANG_ENABLE_OBJC_ARC = YES;
				CLANG_ENABLE_OBJC_WEAK = YES;
				CLANG_WARN_BLOCK_CAPTURE_AUTORELEASING = YES;
				CLANG_WARN_BOOL_CONVERSION = YES;
				CLANG_WARN_COMMA = YES;
				CLANG_WARN_CONSTANT_CONVERSION = YES;
				CLANG_WARN_DEPRECATED_OBJC_IMPLEMENTATIONS = YES;
				CLANG_WARN_DIRECT_OBJC_ISA_USAGE = YES_ERROR;
				CLANG_WARN_DOCUMENTATION_COMMENTS = YES;
				CLANG_WARN_EMPTY_BODY = YES;
				CLANG_WARN_ENUM_CONVERSION = YES;
				CLANG_WARN_INFINITE_RECURSION = YES;
				CLANG_WARN_INT_CONVERSION = YES;
				CLANG_WARN_NON_LITERAL_NULL_CONVERSION = YES;
				CLANG_WARN_OBJC_IMPLICIT_RETAIN_SELF = YES;
				CLANG_WARN_OBJC_LITERAL_CONVERSION = YES;
				CLANG_WARN_OBJC_ROOT_CLASS = YES_ERROR;
				CLANG_WARN_QUOTED_INCLUDE_IN_FRAMEWORK_HEADER = YES;
				CLANG_WARN_RANGE_LOOP_ANALYSIS = YES;
				CLANG_WARN_STRICT_PROTOTYPES = YES;
				CLANG_WARN_SUSPICIOUS_MOVE = YES;
				CLANG_WARN_UNGUARDED_AVAILABILITY = YES_AGGRESSIVE;
				CLANG_WARN_UNREACHABLE_CODE = YES;
				CLANG_WARN__DUPLICATE_METHOD_MATCH = YES;
				COPY_PHASE_STRIP = NO;
				DEBUG_INFORMATION_FORMAT = "dwarf-with-dsym";
				DEVELOPMENT_TEAM = TV7JV673X2;
				ENABLE_NS_ASSERTIONS = NO;
				ENABLE_STRICT_OBJC_MSGSEND = YES;
				ENABLE_USER_SCRIPT_SANDBOXING = YES;
				GCC_C_LANGUAGE_STANDARD = gnu17;
				GCC_NO_COMMON_BLOCKS = YES;
				GCC_WARN_64_TO_32_BIT_CONVERSION = YES;
				GCC_WARN_ABOUT_RETURN_TYPE = YES_ERROR;
				GCC_WARN_UNDECLARED_SELECTOR = YES;
				GCC_WARN_UNINITIALIZED_AUTOS = YES_AGGRESSIVE;
				GCC_WARN_UNUSED_FUNCTION = YES;
				GCC_WARN_UNUSED_VARIABLE = YES;
				IPHONEOS_DEPLOYMENT_TARGET = 18.2;
				LOCALIZATION_PREFERS_STRING_CATALOGS = YES;
				MTL_ENABLE_DEBUG_INFO = NO;
				MTL_FAST_MATH = YES;
				SDKROOT = iphoneos;
				SWIFT_COMPILATION_MODE = wholemodule;
				SWIFT_VERSION = 6.0;
				VALIDATE_PRODUCT = YES;
			};
			name = Release;
		};
		428316722E3A7F4C00549299 /* Debug */ = {
			isa = XCBuildConfiguration;
			buildSettings = {
				ASSETCATALOG_COMPILER_APPICON_NAME = AppIcon;
				ASSETCATALOG_COMPILER_GLOBAL_ACCENT_COLOR_NAME = AccentColor;
				CODE_SIGN_STYLE = Automatic;
				CURRENT_PROJECT_VERSION = 1;
				DEVELOPMENT_ASSET_PATHS = "\"SibLearn/Preview Content\"";
				ENABLE_PREVIEWS = YES;
				GENERATE_INFOPLIST_FILE = YES;
				INFOPLIST_KEY_UIApplicationSceneManifest_Generation = YES;
				INFOPLIST_KEY_UIApplicationSupportsIndirectInputEvents = YES;
				INFOPLIST_KEY_UILaunchScreen_Generation = YES;
				INFOPLIST_KEY_UISupportedInterfaceOrientations_iPad = "UIInterfaceOrientationPortrait UIInterfaceOrientationPortraitUpsideDown UIInterfaceOrientationLandscapeLeft UIInterfaceOrientationLandscapeRight";
				INFOPLIST_KEY_UISupportedInterfaceOrientations_iPhone = "UIInterfaceOrientationPortrait UIInterfaceOrientationLandscapeLeft UIInterfaceOrientationLandscapeRight";
				IPHONEOS_DEPLOYMENT_TARGET = 18.0;
				LD_RUNPATH_SEARCH_PATHS = (
					"$(inherited)",
					"@executable_path/Frameworks",
				);
				MARKETING_VERSION = 1.0;
				PRODUCT_BUNDLE_IDENTIFIER = com.devParand.sibLearn.ios.pro.SibLearn;
				PRODUCT_NAME = "$(TARGET_NAME)";
				SWIFT_EMIT_LOC_STRINGS = YES;
				SWIFT_VERSION = 6.0;
				TARGETED_DEVICE_FAMILY = "1,2";
			};
			name = Debug;
		};
		428316732E3A7F4C00549299 /* Release */ = {
			isa = XCBuildConfiguration;
			buildSettings = {
				ASSETCATALOG_COMPILER_APPICON_NAME = AppIcon;
				ASSETCATALOG_COMPILER_GLOBAL_ACCENT_COLOR_NAME = AccentColor;
				CODE_SIGN_STYLE = Automatic;
				CURRENT_PROJECT_VERSION = 1;
				DEVELOPMENT_ASSET_PATHS = "\"SibLearn/Preview Content\"";
				ENABLE_PREVIEWS = YES;
				GENERATE_INFOPLIST_FILE = YES;
				INFOPLIST_KEY_UIApplicationSceneManifest_Generation = YES;
				INFOPLIST_KEY_UIApplicationSupportsIndirectInputEvents = YES;
				INFOPLIST_KEY_UILaunchScreen_Generation = YES;
				INFOPLIST_KEY_UISupportedInterfaceOrientations_iPad = "UIInterfaceOrientationPortrait UIInterfaceOrientationPortraitUpsideDown UIInterfaceOrientationLandscapeLeft UIInterfaceOrientationLandscapeRight";
				INFOPLIST_KEY_UISupportedInterfaceOrientations_iPhone = "UIInterfaceOrientationPortrait UIInterfaceOrientationLandscapeLeft UIInterfaceOrientationLandscapeRight";
				IPHONEOS_DEPLOYMENT_TARGET = 18.0;
				LD_RUNPATH_SEARCH_PATHS = (
					"$(inherited)",
					"@executable_path/Frameworks",
				);
				MARKETING_VERSION = 1.0;
				PRODUCT_BUNDLE_IDENTIFIER = com.devParand.sibLearn.ios.pro.SibLearn;
				PRODUCT_NAME = "$(TARGET_NAME)";
				SWIFT_EMIT_LOC_STRINGS = YES;
				SWIFT_VERSION = 6.0;
				TARGETED_DEVICE_FAMILY = "1,2";
			};
			name = Release;
		};
		7943BA792E3DFB2C00489099 /* Debug */ = {
			isa = XCBuildConfiguration;
			buildSettings = {
				BUNDLE_LOADER = "$(TEST_HOST)";
				CODE_SIGN_STYLE = Automatic;
				CURRENT_PROJECT_VERSION = 1;
				GENERATE_INFOPLIST_FILE = YES;
				IPHONEOS_DEPLOYMENT_TARGET = 18.0;
				MARKETING_VERSION = 1.0;
				PRODUCT_BUNDLE_IDENTIFIER = com.SibLearn.SibLearnTests;
				PRODUCT_NAME = "$(TARGET_NAME)";
				SWIFT_EMIT_LOC_STRINGS = NO;
				SWIFT_VERSION = 6.0;
				TARGETED_DEVICE_FAMILY = "1,2";
				TEST_HOST = "$(BUILT_PRODUCTS_DIR)/SibLearn.app/$(BUNDLE_EXECUTABLE_FOLDER_PATH)/SibLearn";
			};
			name = Debug;
		};
		7943BA7A2E3DFB2C00489099 /* Release */ = {
			isa = XCBuildConfiguration;
			buildSettings = {
				BUNDLE_LOADER = "$(TEST_HOST)";
				CODE_SIGN_STYLE = Automatic;
				CURRENT_PROJECT_VERSION = 1;
				GENERATE_INFOPLIST_FILE = YES;
				IPHONEOS_DEPLOYMENT_TARGET = 18.0;
				MARKETING_VERSION = 1.0;
				PRODUCT_BUNDLE_IDENTIFIER = com.SibLearn.SibLearnTests;
				PRODUCT_NAME = "$(TARGET_NAME)";
				SWIFT_EMIT_LOC_STRINGS = NO;
				SWIFT_VERSION = 6.0;
				TARGETED_DEVICE_FAMILY = "1,2";
				TEST_HOST = "$(BUILT_PRODUCTS_DIR)/SibLearn.app/$(BUNDLE_EXECUTABLE_FOLDER_PATH)/SibLearn";
			};
			name = Release;
		};
/* End XCBuildConfiguration section */

/* Begin XCConfigurationList section */
		428316462E3A7F4A00549299 /* Build configuration list for PBXProject "SibLearn" */ = {
			isa = XCConfigurationList;
			buildConfigurations = (
				4283166F2E3A7F4C00549299 /* Debug */,
				428316702E3A7F4C00549299 /* Release */,
			);
			defaultConfigurationIsVisible = 0;
			defaultConfigurationName = Release;
		};
		428316712E3A7F4C00549299 /* Build configuration list for PBXNativeTarget "SibLearn" */ = {
			isa = XCConfigurationList;
			buildConfigurations = (
				428316722E3A7F4C00549299 /* Debug */,
				428316732E3A7F4C00549299 /* Release */,
			);
			defaultConfigurationIsVisible = 0;
			defaultConfigurationName = Release;
		};
		7943BA782E3DFB2C00489099 /* Build configuration list for PBXNativeTarget "SibLearnTests" */ = {
			isa = XCConfigurationList;
			buildConfigurations = (
				7943BA792E3DFB2C00489099 /* Debug */,
				7943BA7A2E3DFB2C00489099 /* Release */,
			);
			defaultConfigurationIsVisible = 0;
			defaultConfigurationName = Release;
		};
/* End XCConfigurationList section */

/* Begin XCRemoteSwiftPackageReference section */
		4283167A2E3A825D00549299 /* XCRemoteSwiftPackageReference "swift-composable-architecture" */ = {
			isa = XCRemoteSwiftPackageReference;
			repositoryURL = "https://github.com/pointfreeco/swift-composable-architecture";
			requirement = {
				kind = upToNextMajorVersion;
				minimumVersion = 1.20.2;
			};
		};
		79CFC9B92E3E1C9800DAE71E /* XCRemoteSwiftPackageReference "swift-snapshot-testing" */ = {
			isa = XCRemoteSwiftPackageReference;
			repositoryURL = "https://github.com/pointfreeco/swift-snapshot-testing";
			requirement = {
				kind = upToNextMajorVersion;
				minimumVersion = 1.18.6;
			};
		};
/* End XCRemoteSwiftPackageReference section */

/* Begin XCSwiftPackageProductDependency section */
		7943BA842E3E034D00489099 /* ComposableArchitecture */ = {
			isa = XCSwiftPackageProductDependency;
			package = 4283167A2E3A825D00549299 /* XCRemoteSwiftPackageReference "swift-composable-architecture" */;
			productName = ComposableArchitecture;
		};
		79CFC9BA2E3E1C9800DAE71E /* SnapshotTesting */ = {
			isa = XCSwiftPackageProductDependency;
			package = 79CFC9B92E3E1C9800DAE71E /* XCRemoteSwiftPackageReference "swift-snapshot-testing" */;
			productName = SnapshotTesting;
		};
		79CFC9BC2E3E1E6500DAE71E /* InlineSnapshotTesting */ = {
			isa = XCSwiftPackageProductDependency;
			package = 79CFC9B92E3E1C9800DAE71E /* XCRemoteSwiftPackageReference "swift-snapshot-testing" */;
			productName = InlineSnapshotTesting;
		};
		79CFC9BE2E3E1E6500DAE71E /* SnapshotTestingCustomDump */ = {
			isa = XCSwiftPackageProductDependency;
			package = 79CFC9B92E3E1C9800DAE71E /* XCRemoteSwiftPackageReference "swift-snapshot-testing" */;
			productName = SnapshotTestingCustomDump;
		};
/* End XCSwiftPackageProductDependency section */
	};
	rootObject = 428316432E3A7F4A00549299 /* Project object */;
}
