// !$*UTF8*$!
{
	archiveVersion = 1;
	classes = {
	};
	objectVersion = 77;
	objects = {

/* Begin PBXBuildFile section */
		790BB4E22E3BAEB60074FD12 /* ComposableArchitecture in Frameworks */ = {isa = PBXBuildFile; productRef = 790BB4E12E3BAEB60074FD12 /* ComposableArchitecture */; };
		790BB4E42E3BAEC20074FD12 /* ComposableArchitecture in Frameworks */ = {isa = PBXBuildFile; productRef = 790BB4E32E3BAEC20074FD12 /* ComposableArchitecture */; };
		790BB4E72E3BAF250074FD12 /* ComposableArchitecture in Frameworks */ = {isa = PBXBuildFile; productRef = 790BB4E62E3BAF250074FD12 /* ComposableArchitecture */; };
/* End PBXBuildFile section */

/* Begin PBXContainerItemProxy section */
		4283165E2E3A7F4C00549299 /* PBXContainerItemProxy */ = {
			isa = PBXContainerItemProxy;
			containerPortal = 428316432E3A7F4A00549299 /* Project object */;
			proxyType = 1;
			remoteGlobalIDString = 4283164A2E3A7F4A00549299;
			remoteInfo = SibLearn;
		};
		428316682E3A7F4C00549299 /* PBXContainerItemProxy */ = {
			isa = PBXContainerItemProxy;
			containerPortal = 428316432E3A7F4A00549299 /* Project object */;
			proxyType = 1;
			remoteGlobalIDString = 4283164A2E3A7F4A00549299;
			remoteInfo = SibLearn;
		};
/* End PBXContainerItemProxy section */

/* Begin PBXFileReference section */
		4283164B2E3A7F4A00549299 /* SibLearn.app */ = {isa = PBXFileReference; explicitFileType = wrapper.application; includeInIndex = 0; path = SibLearn.app; sourceTree = BUILT_PRODUCTS_DIR; };
		4283165D2E3A7F4C00549299 /* SibLearnTests.xctest */ = {isa = PBXFileReference; explicitFileType = wrapper.cfbundle; includeInIndex = 0; path = SibLearnTests.xctest; sourceTree = BUILT_PRODUCTS_DIR; };
		428316672E3A7F4C00549299 /* SibLearnUITests.xctest */ = {isa = PBXFileReference; explicitFileType = wrapper.cfbundle; includeInIndex = 0; path = SibLearnUITests.xctest; sourceTree = BUILT_PRODUCTS_DIR; };
/* End PBXFileReference section */

/* Begin PBXFileSystemSynchronizedBuildFileExceptionSet section */
		42552D1F2E3B665200404157 /* Exceptions for "SibLearn" folder in "SibLearnTests" target */ = {
			isa = PBXFileSystemSynchronizedBuildFileExceptionSet;
			membershipExceptions = (
				"Commons/Extensions/Extension+FlashCartProvider+Dependency.swift",
				"Commons/Extensions/Extension+XPTrackerProvider+Dependency.swift",
				Data/DBManager/FlashCard/FlashCardDataAccessObject.swift,
				Data/DBManager/FlashCard/FlashCardEntity.swift,
				Data/DBManager/Mapper/WordCardMapper.swift,
				Data/DBManager/Mapper/XPTrackerMapper.swift,
				Data/DBManager/Model/FlashCardSchema.swift,
				Data/DBManager/Model/XPTrackerSchema.swift,
				Data/DBManager/XPTracker/XPTrackerDataAccessObject.swift,
				Data/DBManager/XPTracker/XPTrackerEntity.swift,
				Data/Impl/FlashCardProviderImpl.swift,
				Data/Impl/XPTrackerProviderImpl.swift,
				Domain/API/FlashCardProvider.swift,
				Domain/API/XPTrackerProvider.swift,
				Domain/Logic/FlashCard/FlashCardManager.swift,
				Feature/AddCard/Dependency/XPTrackerFeature.swift,
				Feature/AddCard/View/AddCardView.swift,
				Feature/Home/Dependency/FlashCardFeature.swift,
				Feature/Home/View/CircularProgressView.swift,
				Feature/Home/View/FlashCard/CardView.swift,
				Feature/Home/View/FlashCard/FlashCardView.swift,
				Feature/Home/View/HomeNavigationBarView.swift,
				Feature/Home/View/XpTrackerView.swift,
			);
			target = 4283165C2E3A7F4C00549299 /* SibLearnTests */;
		};
		42552D202E3B665200404157 /* Exceptions for "SibLearn" folder in "SibLearnUITests" target */ = {
			isa = PBXFileSystemSynchronizedBuildFileExceptionSet;
			membershipExceptions = (
				"Commons/Extensions/Extension+FlashCartProvider+Dependency.swift",
				"Commons/Extensions/Extension+XPTrackerProvider+Dependency.swift",
				Data/DBManager/FlashCard/FlashCardDataAccessObject.swift,
				Data/DBManager/FlashCard/FlashCardEntity.swift,
				Data/DBManager/Mapper/WordCardMapper.swift,
				Data/DBManager/Mapper/XPTrackerMapper.swift,
				Data/DBManager/Model/FlashCardSchema.swift,
				Data/DBManager/Model/XPTrackerSchema.swift,
				Data/DBManager/XPTracker/XPTrackerDataAccessObject.swift,
				Data/DBManager/XPTracker/XPTrackerEntity.swift,
				Data/Impl/FlashCardProviderImpl.swift,
				Data/Impl/XPTrackerProviderImpl.swift,
				Domain/API/FlashCardProvider.swift,
				Domain/API/XPTrackerProvider.swift,
				Domain/Logic/FlashCard/FlashCardManager.swift,
				Feature/AddCard/Dependency/XPTrackerFeature.swift,
				Feature/AddCard/View/AddCardView.swift,
				Feature/Home/Dependency/FlashCardFeature.swift,
				Feature/Home/View/CircularProgressView.swift,
				Feature/Home/View/FlashCard/CardView.swift,
				Feature/Home/View/FlashCard/FlashCardView.swift,
				Feature/Home/View/HomeNavigationBarView.swift,
				Feature/Home/View/XpTrackerView.swift,
			);
			target = 428316662E3A7F4C00549299 /* SibLearnUITests */;
		};
/* End PBXFileSystemSynchronizedBuildFileExceptionSet section */

/* Begin PBXFileSystemSynchronizedRootGroup section */
		4283164D2E3A7F4A00549299 /* SibLearn */ = {
			isa = PBXFileSystemSynchronizedRootGroup;
			exceptions = (
				42552D1F2E3B665200404157 /* Exceptions for "SibLearn" folder in "SibLearnTests" target */,
				42552D202E3B665200404157 /* Exceptions for "SibLearn" folder in "SibLearnUITests" target */,
			);
			path = SibLearn;
			sourceTree = "<group>";
		};
		428316602E3A7F4C00549299 /* SibLearnTests */ = {
			isa = PBXFileSystemSynchronizedRootGroup;
			path = SibLearnTests;
			sourceTree = "<group>";
		};
		4283166A2E3A7F4C00549299 /* SibLearnUITests */ = {
			isa = PBXFileSystemSynchronizedRootGroup;
			path = SibLearnUITests;
			sourceTree = "<group>";
		};
/* End PBXFileSystemSynchronizedRootGroup section */

/* Begin PBXFrameworksBuildPhase section */
		428316482E3A7F4A00549299 /* Frameworks */ = {
			isa = PBXFrameworksBuildPhase;
			buildActionMask = 2147483647;
			files = (
				790BB4E72E3BAF250074FD12 /* ComposableArchitecture in Frameworks */,
			);
			runOnlyForDeploymentPostprocessing = 0;
		};
		4283165A2E3A7F4C00549299 /* Frameworks */ = {
			isa = PBXFrameworksBuildPhase;
			buildActionMask = 2147483647;
			files = (
				790BB4E22E3BAEB60074FD12 /* ComposableArchitecture in Frameworks */,
			);
			runOnlyForDeploymentPostprocessing = 0;
		};
		428316642E3A7F4C00549299 /* Frameworks */ = {
			isa = PBXFrameworksBuildPhase;
			buildActionMask = 2147483647;
			files = (
				790BB4E42E3BAEC20074FD12 /* ComposableArchitecture in Frameworks */,
			);
			runOnlyForDeploymentPostprocessing = 0;
		};
/* End PBXFrameworksBuildPhase section */

/* Begin PBXGroup section */
		428316422E3A7F4A00549299 = {
			isa = PBXGroup;
			children = (
				4283164D2E3A7F4A00549299 /* SibLearn */,
				428316602E3A7F4C00549299 /* SibLearnTests */,
				4283166A2E3A7F4C00549299 /* SibLearnUITests */,
				790BB4E52E3BAF0B0074FD12 /* Frameworks */,
				4283164C2E3A7F4A00549299 /* Products */,
			);
			sourceTree = "<group>";
		};
		4283164C2E3A7F4A00549299 /* Products */ = {
			isa = PBXGroup;
			children = (
				4283164B2E3A7F4A00549299 /* SibLearn.app */,
				4283165D2E3A7F4C00549299 /* SibLearnTests.xctest */,
				428316672E3A7F4C00549299 /* SibLearnUITests.xctest */,
			);
			name = Products;
			sourceTree = "<group>";
		};
		790BB4E52E3BAF0B0074FD12 /* Frameworks */ = {
			isa = PBXGroup;
			children = (
			);
			name = Frameworks;
			sourceTree = "<group>";
		};
/* End PBXGroup section */

/* Begin PBXNativeTarget section */
		4283164A2E3A7F4A00549299 /* SibLearn */ = {
			isa = PBXNativeTarget;
			buildConfigurationList = 428316712E3A7F4C00549299 /* Build configuration list for PBXNativeTarget "SibLearn" */;
			buildPhases = (
				428316472E3A7F4A00549299 /* Sources */,
				428316482E3A7F4A00549299 /* Frameworks */,
				428316492E3A7F4A00549299 /* Resources */,
			);
			buildRules = (
			);
			dependencies = (
			);
			fileSystemSynchronizedGroups = (
				4283164D2E3A7F4A00549299 /* SibLearn */,
			);
			name = SibLearn;
			packageProductDependencies = (
				790BB4E62E3BAF250074FD12 /* ComposableArchitecture */,
			);
			productName = SibLearn;
			productReference = 4283164B2E3A7F4A00549299 /* SibLearn.app */;
			productType = "com.apple.product-type.application";
		};
		4283165C2E3A7F4C00549299 /* SibLearnTests */ = {
			isa = PBXNativeTarget;
			buildConfigurationList = 428316742E3A7F4C00549299 /* Build configuration list for PBXNativeTarget "SibLearnTests" */;
			buildPhases = (
				428316592E3A7F4C00549299 /* Sources */,
				4283165A2E3A7F4C00549299 /* Frameworks */,
				4283165B2E3A7F4C00549299 /* Resources */,
			);
			buildRules = (
			);
			dependencies = (
				4283165F2E3A7F4C00549299 /* PBXTargetDependency */,
			);
			fileSystemSynchronizedGroups = (
				428316602E3A7F4C00549299 /* SibLearnTests */,
			);
			name = SibLearnTests;
			packageProductDependencies = (
				790BB4E12E3BAEB60074FD12 /* ComposableArchitecture */,
			);
			productName = SibLearnTests;
			productReference = 4283165D2E3A7F4C00549299 /* SibLearnTests.xctest */;
			productType = "com.apple.product-type.bundle.unit-test";
		};
		428316662E3A7F4C00549299 /* SibLearnUITests */ = {
			isa = PBXNativeTarget;
			buildConfigurationList = 428316772E3A7F4C00549299 /* Build configuration list for PBXNativeTarget "SibLearnUITests" */;
			buildPhases = (
				428316632E3A7F4C00549299 /* Sources */,
				428316642E3A7F4C00549299 /* Frameworks */,
				428316652E3A7F4C00549299 /* Resources */,
			);
			buildRules = (
			);
			dependencies = (
				428316692E3A7F4C00549299 /* PBXTargetDependency */,
			);
			fileSystemSynchronizedGroups = (
				4283166A2E3A7F4C00549299 /* SibLearnUITests */,
			);
			name = SibLearnUITests;
			packageProductDependencies = (
				790BB4E32E3BAEC20074FD12 /* ComposableArchitecture */,
			);
			productName = SibLearnUITests;
			productReference = 428316672E3A7F4C00549299 /* SibLearnUITests.xctest */;
			productType = "com.apple.product-type.bundle.ui-testing";
		};
/* End PBXNativeTarget section */

/* Begin PBXProject section */
		428316432E3A7F4A00549299 /* Project object */ = {
			isa = PBXProject;
			attributes = {
				BuildIndependentTargetsInParallel = 1;
				LastSwiftUpdateCheck = 1620;
				LastUpgradeCheck = 1620;
				TargetAttributes = {
					4283164A2E3A7F4A00549299 = {
						CreatedOnToolsVersion = 16.2;
					};
					4283165C2E3A7F4C00549299 = {
						CreatedOnToolsVersion = 16.2;
						TestTargetID = 4283164A2E3A7F4A00549299;
					};
					428316662E3A7F4C00549299 = {
						CreatedOnToolsVersion = 16.2;
						TestTargetID = 4283164A2E3A7F4A00549299;
					};
				};
			};
			buildConfigurationList = 428316462E3A7F4A00549299 /* Build configuration list for PBXProject "SibLearn" */;
			developmentRegion = en;
			hasScannedForEncodings = 0;
			knownRegions = (
				en,
				Base,
			);
			mainGroup = 428316422E3A7F4A00549299;
			minimizedProjectReferenceProxies = 1;
			packageReferences = (
				4283167A2E3A825D00549299 /* XCRemoteSwiftPackageReference "swift-composable-architecture" */,
			);
			preferredProjectObjectVersion = 77;
			productRefGroup = 4283164C2E3A7F4A00549299 /* Products */;
			projectDirPath = "";
			projectRoot = "";
			targets = (
				4283164A2E3A7F4A00549299 /* SibLearn */,
				4283165C2E3A7F4C00549299 /* SibLearnTests */,
				428316662E3A7F4C00549299 /* SibLearnUITests */,
			);
		};
/* End PBXProject section */

/* Begin PBXResourcesBuildPhase section */
		428316492E3A7F4A00549299 /* Resources */ = {
			isa = PBXResourcesBuildPhase;
			buildActionMask = 2147483647;
			files = (
			);
			runOnlyForDeploymentPostprocessing = 0;
		};
		4283165B2E3A7F4C00549299 /* Resources */ = {
			isa = PBXResourcesBuildPhase;
			buildActionMask = 2147483647;
			files = (
			);
			runOnlyForDeploymentPostprocessing = 0;
		};
		428316652E3A7F4C00549299 /* Resources */ = {
			isa = PBXResourcesBuildPhase;
			buildActionMask = 2147483647;
			files = (
			);
			runOnlyForDeploymentPostprocessing = 0;
		};
/* End PBXResourcesBuildPhase section */

/* Begin PBXSourcesBuildPhase section */
		428316472E3A7F4A00549299 /* Sources */ = {
			isa = PBXSourcesBuildPhase;
			buildActionMask = 2147483647;
			files = (
			);
			runOnlyForDeploymentPostprocessing = 0;
		};
		428316592E3A7F4C00549299 /* Sources */ = {
			isa = PBXSourcesBuildPhase;
			buildActionMask = 2147483647;
			files = (
			);
			runOnlyForDeploymentPostprocessing = 0;
		};
		428316632E3A7F4C00549299 /* Sources */ = {
			isa = PBXSourcesBuildPhase;
			buildActionMask = 2147483647;
			files = (
			);
			runOnlyForDeploymentPostprocessing = 0;
		};
/* End PBXSourcesBuildPhase section */

/* Begin PBXTargetDependency section */
		4283165F2E3A7F4C00549299 /* PBXTargetDependency */ = {
			isa = PBXTargetDependency;
			target = 4283164A2E3A7F4A00549299 /* SibLearn */;
			targetProxy = 4283165E2E3A7F4C00549299 /* PBXContainerItemProxy */;
		};
		428316692E3A7F4C00549299 /* PBXTargetDependency */ = {
			isa = PBXTargetDependency;
			target = 4283164A2E3A7F4A00549299 /* SibLearn */;
			targetProxy = 428316682E3A7F4C00549299 /* PBXContainerItemProxy */;
		};
/* End PBXTargetDependency section */

/* Begin XCBuildConfiguration section */
		4283166F2E3A7F4C00549299 /* Debug */ = {
			isa = XCBuildConfiguration;
			buildSettings = {
				ALWAYS_SEARCH_USER_PATHS = NO;
				ASSETCATALOG_COMPILER_GENERATE_SWIFT_ASSET_SYMBOL_EXTENSIONS = YES;
				CLANG_ANALYZER_NONNULL = YES;
				CLANG_ANALYZER_NUMBER_OBJECT_CONVERSION = YES_AGGRESSIVE;
				CLANG_CXX_LANGUAGE_STANDARD = "gnu++20";
				CLANG_ENABLE_MODULES = YES;
				CLANG_ENABLE_OBJC_ARC = YES;
				CLANG_ENABLE_OBJC_WEAK = YES;
				CLANG_WARN_BLOCK_CAPTURE_AUTORELEASING = YES;
				CLANG_WARN_BOOL_CONVERSION = YES;
				CLANG_WARN_COMMA = YES;
				CLANG_WARN_CONSTANT_CONVERSION = YES;
				CLANG_WARN_DEPRECATED_OBJC_IMPLEMENTATIONS = YES;
				CLANG_WARN_DIRECT_OBJC_ISA_USAGE = YES_ERROR;
				CLANG_WARN_DOCUMENTATION_COMMENTS = YES;
				CLANG_WARN_EMPTY_BODY = YES;
				CLANG_WARN_ENUM_CONVERSION = YES;
				CLANG_WARN_INFINITE_RECURSION = YES;
				CLANG_WARN_INT_CONVERSION = YES;
				CLANG_WARN_NON_LITERAL_NULL_CONVERSION = YES;
				CLANG_WARN_OBJC_IMPLICIT_RETAIN_SELF = YES;
				CLANG_WARN_OBJC_LITERAL_CONVERSION = YES;
				CLANG_WARN_OBJC_ROOT_CLASS = YES_ERROR;
				CLANG_WARN_QUOTED_INCLUDE_IN_FRAMEWORK_HEADER = YES;
				CLANG_WARN_RANGE_LOOP_ANALYSIS = YES;
				CLANG_WARN_STRICT_PROTOTYPES = YES;
				CLANG_WARN_SUSPICIOUS_MOVE = YES;
				CLANG_WARN_UNGUARDED_AVAILABILITY = YES_AGGRESSIVE;
				CLANG_WARN_UNREACHABLE_CODE = YES;
				CLANG_WARN__DUPLICATE_METHOD_MATCH = YES;
				COPY_PHASE_STRIP = NO;
				DEBUG_INFORMATION_FORMAT = dwarf;
				ENABLE_STRICT_OBJC_MSGSEND = YES;
				ENABLE_TESTABILITY = YES;
				ENABLE_USER_SCRIPT_SANDBOXING = YES;
				GCC_C_LANGUAGE_STANDARD = gnu17;
				GCC_DYNAMIC_NO_PIC = NO;
				GCC_NO_COMMON_BLOCKS = YES;
				GCC_OPTIMIZATION_LEVEL = 0;
				GCC_PREPROCESSOR_DEFINITIONS = (
					"DEBUG=1",
					"$(inherited)",
				);
				GCC_WARN_64_TO_32_BIT_CONVERSION = YES;
				GCC_WARN_ABOUT_RETURN_TYPE = YES_ERROR;
				GCC_WARN_UNDECLARED_SELECTOR = YES;
				GCC_WARN_UNINITIALIZED_AUTOS = YES_AGGRESSIVE;
				GCC_WARN_UNUSED_FUNCTION = YES;
				GCC_WARN_UNUSED_VARIABLE = YES;
				IPHONEOS_DEPLOYMENT_TARGET = 18.2;
				LOCALIZATION_PREFERS_STRING_CATALOGS = YES;
				MTL_ENABLE_DEBUG_INFO = INCLUDE_SOURCE;
				MTL_FAST_MATH = YES;
				ONLY_ACTIVE_ARCH = YES;
				SDKROOT = iphoneos;
				SWIFT_ACTIVE_COMPILATION_CONDITIONS = "DEBUG $(inherited)";
				SWIFT_OPTIMIZATION_LEVEL = "-Onone";
			};
			name = Debug;
		};
		428316702E3A7F4C00549299 /* Release */ = {
			isa = XCBuildConfiguration;
			buildSettings = {
				ALWAYS_SEARCH_USER_PATHS = NO;
				ASSETCATALOG_COMPILER_GENERATE_SWIFT_ASSET_SYMBOL_EXTENSIONS = YES;
				CLANG_ANALYZER_NONNULL = YES;
				CLANG_ANALYZER_NUMBER_OBJECT_CONVERSION = YES_AGGRESSIVE;
				CLANG_CXX_LANGUAGE_STANDARD = "gnu++20";
				CLANG_ENABLE_MODULES = YES;
				CLANG_ENABLE_OBJC_ARC = YES;
				CLANG_ENABLE_OBJC_WEAK = YES;
				CLANG_WARN_BLOCK_CAPTURE_AUTORELEASING = YES;
				CLANG_WARN_BOOL_CONVERSION = YES;
				CLANG_WARN_COMMA = YES;
				CLANG_WARN_CONSTANT_CONVERSION = YES;
				CLANG_WARN_DEPRECATED_OBJC_IMPLEMENTATIONS = YES;
				CLANG_WARN_DIRECT_OBJC_ISA_USAGE = YES_ERROR;
				CLANG_WARN_DOCUMENTATION_COMMENTS = YES;
				CLANG_WARN_EMPTY_BODY = YES;
				CLANG_WARN_ENUM_CONVERSION = YES;
				CLANG_WARN_INFINITE_RECURSION = YES;
				CLANG_WARN_INT_CONVERSION = YES;
				CLANG_WARN_NON_LITERAL_NULL_CONVERSION = YES;
				CLANG_WARN_OBJC_IMPLICIT_RETAIN_SELF = YES;
				CLANG_WARN_OBJC_LITERAL_CONVERSION = YES;
				CLANG_WARN_OBJC_ROOT_CLASS = YES_ERROR;
				CLANG_WARN_QUOTED_INCLUDE_IN_FRAMEWORK_HEADER = YES;
				CLANG_WARN_RANGE_LOOP_ANALYSIS = YES;
				CLANG_WARN_STRICT_PROTOTYPES = YES;
				CLANG_WARN_SUSPICIOUS_MOVE = YES;
				CLANG_WARN_UNGUARDED_AVAILABILITY = YES_AGGRESSIVE;
				CLANG_WARN_UNREACHABLE_CODE = YES;
				CLANG_WARN__DUPLICATE_METHOD_MATCH = YES;
				COPY_PHASE_STRIP = NO;
				DEBUG_INFORMATION_FORMAT = "dwarf-with-dsym";
				ENABLE_NS_ASSERTIONS = NO;
				ENABLE_STRICT_OBJC_MSGSEND = YES;
				ENABLE_USER_SCRIPT_SANDBOXING = YES;
				GCC_C_LANGUAGE_STANDARD = gnu17;
				GCC_NO_COMMON_BLOCKS = YES;
				GCC_WARN_64_TO_32_BIT_CONVERSION = YES;
				GCC_WARN_ABOUT_RETURN_TYPE = YES_ERROR;
				GCC_WARN_UNDECLARED_SELECTOR = YES;
				GCC_WARN_UNINITIALIZED_AUTOS = YES_AGGRESSIVE;
				GCC_WARN_UNUSED_FUNCTION = YES;
				GCC_WARN_UNUSED_VARIABLE = YES;
				IPHONEOS_DEPLOYMENT_TARGET = 18.2;
				LOCALIZATION_PREFERS_STRING_CATALOGS = YES;
				MTL_ENABLE_DEBUG_INFO = NO;
				MTL_FAST_MATH = YES;
				SDKROOT = iphoneos;
				SWIFT_COMPILATION_MODE = wholemodule;
				VALIDATE_PRODUCT = YES;
			};
			name = Release;
		};
		428316722E3A7F4C00549299 /* Debug */ = {
			isa = XCBuildConfiguration;
			buildSettings = {
				ASSETCATALOG_COMPILER_APPICON_NAME = AppIcon;
				ASSETCATALOG_COMPILER_GLOBAL_ACCENT_COLOR_NAME = AccentColor;
				CODE_SIGN_STYLE = Automatic;
				CURRENT_PROJECT_VERSION = 1;
				DEVELOPMENT_ASSET_PATHS = "\"SibLearn/Preview Content\"";
				DEVELOPMENT_TEAM = TV7JV673X2;
				ENABLE_PREVIEWS = YES;
				GENERATE_INFOPLIST_FILE = YES;
				INFOPLIST_KEY_UIApplicationSceneManifest_Generation = YES;
				INFOPLIST_KEY_UIApplicationSupportsIndirectInputEvents = YES;
				INFOPLIST_KEY_UILaunchScreen_Generation = YES;
				INFOPLIST_KEY_UISupportedInterfaceOrientations_iPad = "UIInterfaceOrientationPortrait UIInterfaceOrientationPortraitUpsideDown UIInterfaceOrientationLandscapeLeft UIInterfaceOrientationLandscapeRight";
				INFOPLIST_KEY_UISupportedInterfaceOrientations_iPhone = "UIInterfaceOrientationPortrait UIInterfaceOrientationLandscapeLeft UIInterfaceOrientationLandscapeRight";
				IPHONEOS_DEPLOYMENT_TARGET = 18.0;
				LD_RUNPATH_SEARCH_PATHS = (
					"$(inherited)",
					"@executable_path/Frameworks",
				);
				MARKETING_VERSION = 1.0;
				PRODUCT_BUNDLE_IDENTIFIER = com.devParand.sibLearn.ios.pro.SibLearn;
				PRODUCT_NAME = "$(TARGET_NAME)";
				SWIFT_EMIT_LOC_STRINGS = YES;
				SWIFT_VERSION = 5.0;
				TARGETED_DEVICE_FAMILY = "1,2";
			};
			name = Debug;
		};
		428316732E3A7F4C00549299 /* Release */ = {
			isa = XCBuildConfiguration;
			buildSettings = {
				ASSETCATALOG_COMPILER_APPICON_NAME = AppIcon;
				ASSETCATALOG_COMPILER_GLOBAL_ACCENT_COLOR_NAME = AccentColor;
				CODE_SIGN_STYLE = Automatic;
				CURRENT_PROJECT_VERSION = 1;
				DEVELOPMENT_ASSET_PATHS = "\"SibLearn/Preview Content\"";
				DEVELOPMENT_TEAM = TV7JV673X2;
				ENABLE_PREVIEWS = YES;
				GENERATE_INFOPLIST_FILE = YES;
				INFOPLIST_KEY_UIApplicationSceneManifest_Generation = YES;
				INFOPLIST_KEY_UIApplicationSupportsIndirectInputEvents = YES;
				INFOPLIST_KEY_UILaunchScreen_Generation = YES;
				INFOPLIST_KEY_UISupportedInterfaceOrientations_iPad = "UIInterfaceOrientationPortrait UIInterfaceOrientationPortraitUpsideDown UIInterfaceOrientationLandscapeLeft UIInterfaceOrientationLandscapeRight";
				INFOPLIST_KEY_UISupportedInterfaceOrientations_iPhone = "UIInterfaceOrientationPortrait UIInterfaceOrientationLandscapeLeft UIInterfaceOrientationLandscapeRight";
				IPHONEOS_DEPLOYMENT_TARGET = 18.0;
				LD_RUNPATH_SEARCH_PATHS = (
					"$(inherited)",
					"@executable_path/Frameworks",
				);
				MARKETING_VERSION = 1.0;
				PRODUCT_BUNDLE_IDENTIFIER = com.devParand.sibLearn.ios.pro.SibLearn;
				PRODUCT_NAME = "$(TARGET_NAME)";
				SWIFT_EMIT_LOC_STRINGS = YES;
				SWIFT_VERSION = 5.0;
				TARGETED_DEVICE_FAMILY = "1,2";
			};
			name = Release;
		};
		428316752E3A7F4C00549299 /* Debug */ = {
			isa = XCBuildConfiguration;
			buildSettings = {
				BUNDLE_LOADER = "$(TEST_HOST)";
				CODE_SIGN_STYLE = Automatic;
				CURRENT_PROJECT_VERSION = 1;
				GENERATE_INFOPLIST_FILE = YES;
				IPHONEOS_DEPLOYMENT_TARGET = 18.2;
				MARKETING_VERSION = 1.0;
				PRODUCT_BUNDLE_IDENTIFIER = com.devParand.sibLearn.ios.pro.SibLearnTests;
				PRODUCT_NAME = "$(TARGET_NAME)";
				SWIFT_EMIT_LOC_STRINGS = NO;
				SWIFT_VERSION = 5.0;
				TARGETED_DEVICE_FAMILY = "1,2";
				TEST_HOST = "$(BUILT_PRODUCTS_DIR)/SibLearn.app/$(BUNDLE_EXECUTABLE_FOLDER_PATH)/SibLearn";
			};
			name = Debug;
		};
		428316762E3A7F4C00549299 /* Release */ = {
			isa = XCBuildConfiguration;
			buildSettings = {
				BUNDLE_LOADER = "$(TEST_HOST)";
				CODE_SIGN_STYLE = Automatic;
				CURRENT_PROJECT_VERSION = 1;
				GENERATE_INFOPLIST_FILE = YES;
				IPHONEOS_DEPLOYMENT_TARGET = 18.2;
				MARKETING_VERSION = 1.0;
				PRODUCT_BUNDLE_IDENTIFIER = com.devParand.sibLearn.ios.pro.SibLearnTests;
				PRODUCT_NAME = "$(TARGET_NAME)";
				SWIFT_EMIT_LOC_STRINGS = NO;
				SWIFT_VERSION = 5.0;
				TARGETED_DEVICE_FAMILY = "1,2";
				TEST_HOST = "$(BUILT_PRODUCTS_DIR)/SibLearn.app/$(BUNDLE_EXECUTABLE_FOLDER_PATH)/SibLearn";
			};
			name = Release;
		};
		428316782E3A7F4C00549299 /* Debug */ = {
			isa = XCBuildConfiguration;
			buildSettings = {
				CODE_SIGN_STYLE = Automatic;
				CURRENT_PROJECT_VERSION = 1;
				GENERATE_INFOPLIST_FILE = YES;
				MARKETING_VERSION = 1.0;
				PRODUCT_BUNDLE_IDENTIFIER = com.devParand.sibLearn.ios.pro.SibLearnUITests;
				PRODUCT_NAME = "$(TARGET_NAME)";
				SWIFT_EMIT_LOC_STRINGS = NO;
				SWIFT_VERSION = 5.0;
				TARGETED_DEVICE_FAMILY = "1,2";
				TEST_TARGET_NAME = SibLearn;
			};
			name = Debug;
		};
		428316792E3A7F4C00549299 /* Release */ = {
			isa = XCBuildConfiguration;
			buildSettings = {
				CODE_SIGN_STYLE = Automatic;
				CURRENT_PROJECT_VERSION = 1;
				GENERATE_INFOPLIST_FILE = YES;
				MARKETING_VERSION = 1.0;
				PRODUCT_BUNDLE_IDENTIFIER = com.devParand.sibLearn.ios.pro.SibLearnUITests;
				PRODUCT_NAME = "$(TARGET_NAME)";
				SWIFT_EMIT_LOC_STRINGS = NO;
				SWIFT_VERSION = 5.0;
				TARGETED_DEVICE_FAMILY = "1,2";
				TEST_TARGET_NAME = SibLearn;
			};
			name = Release;
		};
/* End XCBuildConfiguration section */

/* Begin XCConfigurationList section */
		428316462E3A7F4A00549299 /* Build configuration list for PBXProject "SibLearn" */ = {
			isa = XCConfigurationList;
			buildConfigurations = (
				4283166F2E3A7F4C00549299 /* Debug */,
				428316702E3A7F4C00549299 /* Release */,
			);
			defaultConfigurationIsVisible = 0;
			defaultConfigurationName = Release;
		};
		428316712E3A7F4C00549299 /* Build configuration list for PBXNativeTarget "SibLearn" */ = {
			isa = XCConfigurationList;
			buildConfigurations = (
				428316722E3A7F4C00549299 /* Debug */,
				428316732E3A7F4C00549299 /* Release */,
			);
			defaultConfigurationIsVisible = 0;
			defaultConfigurationName = Release;
		};
		428316742E3A7F4C00549299 /* Build configuration list for PBXNativeTarget "SibLearnTests" */ = {
			isa = XCConfigurationList;
			buildConfigurations = (
				428316752E3A7F4C00549299 /* Debug */,
				428316762E3A7F4C00549299 /* Release */,
			);
			defaultConfigurationIsVisible = 0;
			defaultConfigurationName = Release;
		};
		428316772E3A7F4C00549299 /* Build configuration list for PBXNativeTarget "SibLearnUITests" */ = {
			isa = XCConfigurationList;
			buildConfigurations = (
				428316782E3A7F4C00549299 /* Debug */,
				428316792E3A7F4C00549299 /* Release */,
			);
			defaultConfigurationIsVisible = 0;
			defaultConfigurationName = Release;
		};
/* End XCConfigurationList section */

/* Begin XCRemoteSwiftPackageReference section */
		4283167A2E3A825D00549299 /* XCRemoteSwiftPackageReference "swift-composable-architecture" */ = {
			isa = XCRemoteSwiftPackageReference;
			repositoryURL = "https://github.com/pointfreeco/swift-composable-architecture";
			requirement = {
				kind = upToNextMajorVersion;
				minimumVersion = 1.20.2;
			};
		};
/* End XCRemoteSwiftPackageReference section */

/* Begin XCSwiftPackageProductDependency section */
		790BB4E12E3BAEB60074FD12 /* ComposableArchitecture */ = {
			isa = XCSwiftPackageProductDependency;
			package = 4283167A2E3A825D00549299 /* XCRemoteSwiftPackageReference "swift-composable-architecture" */;
			productName = ComposableArchitecture;
		};
		790BB4E32E3BAEC20074FD12 /* ComposableArchitecture */ = {
			isa = XCSwiftPackageProductDependency;
			package = 4283167A2E3A825D00549299 /* XCRemoteSwiftPackageReference "swift-composable-architecture" */;
			productName = ComposableArchitecture;
		};
		790BB4E62E3BAF250074FD12 /* ComposableArchitecture */ = {
			isa = XCSwiftPackageProductDependency;
			package = 4283167A2E3A825D00549299 /* XCRemoteSwiftPackageReference "swift-composable-architecture" */;
			productName = ComposableArchitecture;
		};
/* End XCSwiftPackageProductDependency section */
	};
	rootObject = 428316432E3A7F4A00549299 /* Project object */;
}
